
Microsoft Visual Studio Solution File, Format Version 12.00
# Visual Studio Version 17
VisualStudioVersion = 17.4.33205.214
MinimumVisualStudioVersion = 10.0.40219.1
Project("{FAE04EC0-301F-11D3-BF4B-00C04F79EFBC}") = "WinFormsApp7", "WinFormsApp7\WinFormsApp7.csproj", "{982C2D47-F127-414D-A96D-FDC4A7CCA089}"
EndProject
Global
	GlobalSection(SolutionConfigurationPlatforms) = preSolution
		Debug|Any CPU = Debug|Any CPU
		Release|Any CPU = Release|Any CPU
	EndGlobalSection
	GlobalSection(ProjectConfigurationPlatforms) = postSolution
		{982C2D47-F127-414D-A96D-FDC4A7CCA089}.Debug|Any CPU.ActiveCfg = Debug|Any CPU
		{982C2D47-F127-414D-A96D-FDC4A7CCA089}.Debug|Any CPU.Build.0 = Debug|Any CPU
		{982C2D47-F127-414D-A96D-FDC4A7CCA089}.Release|Any CPU.ActiveCfg = Release|Any CPU
		{982C2D47-F127-414D-A96D-FDC4A7CCA089}.Release|Any CPU.Build.0 = Release|Any CPU
	EndGlobalSection
	GlobalSection(SolutionProperties) = preSolution
		HideSolutionNode = FALSE
	EndGlobalSection
	GlobalSection(ExtensibilityGlobals) = postSolution
		SolutionGuid = {FA39920E-DA61-440C-8C7E-0CF9D65B27DE}
	EndGlobalSection
EndGlobal
